// !$*UTF8*$!
{
	archiveVersion = 1;
	classes = {
	};
	objectVersion = 56;
	objects = {

/* Begin PBXBuildFile section */
		5F2E161E29C5725B0096DD85 /* ServiceHelper.swift in Sources */ = {isa = PBXBuildFile; fileRef = 5F2E161D29C5725A0096DD85 /* ServiceHelper.swift */; };
		5F2E162229C573500096DD85 /* EndPoints.swift in Sources */ = {isa = PBXBuildFile; fileRef = 5F2E162129C573500096DD85 /* EndPoints.swift */; };
		5F2E162429C5749D0096DD85 /* APIEnvironment.swift in Sources */ = {isa = PBXBuildFile; fileRef = 5F2E162329C5749D0096DD85 /* APIEnvironment.swift */; };
		5F2E162629C5765D0096DD85 /* ScenariosAPI.swift in Sources */ = {isa = PBXBuildFile; fileRef = 5F2E162529C5765D0096DD85 /* ScenariosAPI.swift */; };
		5F2E162C29C57A030096DD85 /* Scenario.swift in Sources */ = {isa = PBXBuildFile; fileRef = 5F2E162B29C57A030096DD85 /* Scenario.swift */; };
		5F2E163229C598370096DD85 /* CaseRequest.swift in Sources */ = {isa = PBXBuildFile; fileRef = 5F2E163129C598370096DD85 /* CaseRequest.swift */; };
		5F2E163429C59AAE0096DD85 /* CaseAPI.swift in Sources */ = {isa = PBXBuildFile; fileRef = 5F2E163329C59AAE0096DD85 /* CaseAPI.swift */; };
		5F2E163729C5A3990096DD85 /* ScenariosVC.swift in Sources */ = {isa = PBXBuildFile; fileRef = 5F2E163629C5A3990096DD85 /* ScenariosVC.swift */; };
		5F2E163929C5AA730096DD85 /* ScenariosVM.swift in Sources */ = {isa = PBXBuildFile; fileRef = 5F2E163829C5AA730096DD85 /* ScenariosVM.swift */; };
		5F2E163B29C5AB110096DD85 /* ScenarioTVCell.swift in Sources */ = {isa = PBXBuildFile; fileRef = 5F2E163A29C5AB110096DD85 /* ScenarioTVCell.swift */; };
		5F2E163D29C5B0280096DD85 /* CaseVC.swift in Sources */ = {isa = PBXBuildFile; fileRef = 5F2E163C29C5B0280096DD85 /* CaseVC.swift */; };
		5F2E163F29C5B0460096DD85 /* CaseVM.swift in Sources */ = {isa = PBXBuildFile; fileRef = 5F2E163E29C5B0460096DD85 /* CaseVM.swift */; };
		5F2E164129C5B17E0096DD85 /* AnswerTVCell.swift in Sources */ = {isa = PBXBuildFile; fileRef = 5F2E164029C5B17E0096DD85 /* AnswerTVCell.swift */; };
		5F2E164329C5B7FA0096DD85 /* AlertProvider.swift in Sources */ = {isa = PBXBuildFile; fileRef = 5F2E164229C5B7FA0096DD85 /* AlertProvider.swift */; };
		5F2E164629C5B8660096DD85 /* Localizer.swift in Sources */ = {isa = PBXBuildFile; fileRef = 5F2E164529C5B8660096DD85 /* Localizer.swift */; };
		5F2E164929C5C6270096DD85 /* AlamofireImage in Frameworks */ = {isa = PBXBuildFile; productRef = 5F2E164829C5C6270096DD85 /* AlamofireImage */; };
		5F443DC229C56FD9003FAD9C /* AppDelegate.swift in Sources */ = {isa = PBXBuildFile; fileRef = 5F443DC129C56FD9003FAD9C /* AppDelegate.swift */; };
		5F443DC429C56FD9003FAD9C /* SceneDelegate.swift in Sources */ = {isa = PBXBuildFile; fileRef = 5F443DC329C56FD9003FAD9C /* SceneDelegate.swift */; };
		5F443DC929C56FD9003FAD9C /* Main.storyboard in Resources */ = {isa = PBXBuildFile; fileRef = 5F443DC729C56FD9003FAD9C /* Main.storyboard */; };
		5F443DCB29C56FDE003FAD9C /* Assets.xcassets in Resources */ = {isa = PBXBuildFile; fileRef = 5F443DCA29C56FDE003FAD9C /* Assets.xcassets */; };
		5F443DCE29C56FDE003FAD9C /* LaunchScreen.storyboard in Resources */ = {isa = PBXBuildFile; fileRef = 5F443DCC29C56FDE003FAD9C /* LaunchScreen.storyboard */; };
		5F443DD929C56FDE003FAD9C /* ExpertSystemTests.swift in Sources */ = {isa = PBXBuildFile; fileRef = 5F443DD829C56FDE003FAD9C /* ExpertSystemTests.swift */; };
		5F443DE329C56FDE003FAD9C /* ExpertSystemUITests.swift in Sources */ = {isa = PBXBuildFile; fileRef = 5F443DE229C56FDE003FAD9C /* ExpertSystemUITests.swift */; };
		5F443DE529C56FDE003FAD9C /* ExpertSystemUITestsLaunchTests.swift in Sources */ = {isa = PBXBuildFile; fileRef = 5F443DE429C56FDE003FAD9C /* ExpertSystemUITestsLaunchTests.swift */; };
/* End PBXBuildFile section */

/* Begin PBXContainerItemProxy section */
		5F443DD529C56FDE003FAD9C /* PBXContainerItemProxy */ = {
			isa = PBXContainerItemProxy;
			containerPortal = 5F443DB629C56FD9003FAD9C /* Project object */;
			proxyType = 1;
			remoteGlobalIDString = 5F443DBD29C56FD9003FAD9C;
			remoteInfo = ExpertSystem;
		};
		5F443DDF29C56FDE003FAD9C /* PBXContainerItemProxy */ = {
			isa = PBXContainerItemProxy;
			containerPortal = 5F443DB629C56FD9003FAD9C /* Project object */;
			proxyType = 1;
			remoteGlobalIDString = 5F443DBD29C56FD9003FAD9C;
			remoteInfo = ExpertSystem;
		};
/* End PBXContainerItemProxy section */

/* Begin PBXFileReference section */
		5F2E161D29C5725A0096DD85 /* ServiceHelper.swift */ = {isa = PBXFileReference; lastKnownFileType = sourcecode.swift; path = ServiceHelper.swift; sourceTree = "<group>"; };
		5F2E162129C573500096DD85 /* EndPoints.swift */ = {isa = PBXFileReference; lastKnownFileType = sourcecode.swift; path = EndPoints.swift; sourceTree = "<group>"; };
		5F2E162329C5749D0096DD85 /* APIEnvironment.swift */ = {isa = PBXFileReference; lastKnownFileType = sourcecode.swift; path = APIEnvironment.swift; sourceTree = "<group>"; };
		5F2E162529C5765D0096DD85 /* ScenariosAPI.swift */ = {isa = PBXFileReference; lastKnownFileType = sourcecode.swift; path = ScenariosAPI.swift; sourceTree = "<group>"; };
		5F2E162B29C57A030096DD85 /* Scenario.swift */ = {isa = PBXFileReference; lastKnownFileType = sourcecode.swift; path = Scenario.swift; sourceTree = "<group>"; };
		5F2E163129C598370096DD85 /* CaseRequest.swift */ = {isa = PBXFileReference; lastKnownFileType = sourcecode.swift; path = CaseRequest.swift; sourceTree = "<group>"; };
		5F2E163329C59AAE0096DD85 /* CaseAPI.swift */ = {isa = PBXFileReference; lastKnownFileType = sourcecode.swift; path = CaseAPI.swift; sourceTree = "<group>"; };
		5F2E163529C5A3130096DD85 /* Info.plist */ = {isa = PBXFileReference; lastKnownFileType = text.plist; path = Info.plist; sourceTree = "<group>"; };
		5F2E163629C5A3990096DD85 /* ScenariosVC.swift */ = {isa = PBXFileReference; lastKnownFileType = sourcecode.swift; path = ScenariosVC.swift; sourceTree = "<group>"; };
		5F2E163829C5AA730096DD85 /* ScenariosVM.swift */ = {isa = PBXFileReference; lastKnownFileType = sourcecode.swift; path = ScenariosVM.swift; sourceTree = "<group>"; };
		5F2E163A29C5AB110096DD85 /* ScenarioTVCell.swift */ = {isa = PBXFileReference; lastKnownFileType = sourcecode.swift; path = ScenarioTVCell.swift; sourceTree = "<group>"; };
		5F2E163C29C5B0280096DD85 /* CaseVC.swift */ = {isa = PBXFileReference; lastKnownFileType = sourcecode.swift; path = CaseVC.swift; sourceTree = "<group>"; };
		5F2E163E29C5B0460096DD85 /* CaseVM.swift */ = {isa = PBXFileReference; lastKnownFileType = sourcecode.swift; path = CaseVM.swift; sourceTree = "<group>"; };
		5F2E164029C5B17E0096DD85 /* AnswerTVCell.swift */ = {isa = PBXFileReference; lastKnownFileType = sourcecode.swift; path = AnswerTVCell.swift; sourceTree = "<group>"; };
		5F2E164229C5B7FA0096DD85 /* AlertProvider.swift */ = {isa = PBXFileReference; lastKnownFileType = sourcecode.swift; path = AlertProvider.swift; sourceTree = "<group>"; };
		5F2E164529C5B8660096DD85 /* Localizer.swift */ = {isa = PBXFileReference; lastKnownFileType = sourcecode.swift; path = Localizer.swift; sourceTree = "<group>"; };
		5F443DBE29C56FD9003FAD9C /* ExpertSystem.app */ = {isa = PBXFileReference; explicitFileType = wrapper.application; includeInIndex = 0; path = ExpertSystem.app; sourceTree = BUILT_PRODUCTS_DIR; };
		5F443DC129C56FD9003FAD9C /* AppDelegate.swift */ = {isa = PBXFileReference; lastKnownFileType = sourcecode.swift; path = AppDelegate.swift; sourceTree = "<group>"; };
		5F443DC329C56FD9003FAD9C /* SceneDelegate.swift */ = {isa = PBXFileReference; lastKnownFileType = sourcecode.swift; path = SceneDelegate.swift; sourceTree = "<group>"; };
		5F443DC829C56FD9003FAD9C /* Base */ = {isa = PBXFileReference; lastKnownFileType = file.storyboard; name = Base; path = Base.lproj/Main.storyboard; sourceTree = "<group>"; };
		5F443DCA29C56FDE003FAD9C /* Assets.xcassets */ = {isa = PBXFileReference; lastKnownFileType = folder.assetcatalog; path = Assets.xcassets; sourceTree = "<group>"; };
		5F443DCD29C56FDE003FAD9C /* Base */ = {isa = PBXFileReference; lastKnownFileType = file.storyboard; name = Base; path = Base.lproj/LaunchScreen.storyboard; sourceTree = "<group>"; };
		5F443DCF29C56FDE003FAD9C /* Info.plist */ = {isa = PBXFileReference; lastKnownFileType = text.plist.xml; path = Info.plist; sourceTree = "<group>"; };
		5F443DD429C56FDE003FAD9C /* ExpertSystemTests.xctest */ = {isa = PBXFileReference; explicitFileType = wrapper.cfbundle; includeInIndex = 0; path = ExpertSystemTests.xctest; sourceTree = BUILT_PRODUCTS_DIR; };
		5F443DD829C56FDE003FAD9C /* ExpertSystemTests.swift */ = {isa = PBXFileReference; lastKnownFileType = sourcecode.swift; path = ExpertSystemTests.swift; sourceTree = "<group>"; };
		5F443DDE29C56FDE003FAD9C /* ExpertSystemUITests.xctest */ = {isa = PBXFileReference; explicitFileType = wrapper.cfbundle; includeInIndex = 0; path = ExpertSystemUITests.xctest; sourceTree = BUILT_PRODUCTS_DIR; };
		5F443DE229C56FDE003FAD9C /* ExpertSystemUITests.swift */ = {isa = PBXFileReference; lastKnownFileType = sourcecode.swift; path = ExpertSystemUITests.swift; sourceTree = "<group>"; };
		5F443DE429C56FDE003FAD9C /* ExpertSystemUITestsLaunchTests.swift */ = {isa = PBXFileReference; lastKnownFileType = sourcecode.swift; path = ExpertSystemUITestsLaunchTests.swift; sourceTree = "<group>"; };
/* End PBXFileReference section */

/* Begin PBXFrameworksBuildPhase section */
		5F443DBB29C56FD9003FAD9C /* Frameworks */ = {
			isa = PBXFrameworksBuildPhase;
			buildActionMask = 2147483647;
			files = (
				5F2E164929C5C6270096DD85 /* AlamofireImage in Frameworks */,
			);
			runOnlyForDeploymentPostprocessing = 0;
		};
		5F443DD129C56FDE003FAD9C /* Frameworks */ = {
			isa = PBXFrameworksBuildPhase;
			buildActionMask = 2147483647;
			files = (
			);
			runOnlyForDeploymentPostprocessing = 0;
		};
		5F443DDB29C56FDE003FAD9C /* Frameworks */ = {
			isa = PBXFrameworksBuildPhase;
			buildActionMask = 2147483647;
			files = (
			);
			runOnlyForDeploymentPostprocessing = 0;
		};
/* End PBXFrameworksBuildPhase section */

/* Begin PBXGroup section */
		5F2E161A29C5720D0096DD85 /* Helpers */ = {
			isa = PBXGroup;
			children = (
				5F2E161D29C5725A0096DD85 /* ServiceHelper.swift */,
			);
			path = Helpers;
			sourceTree = "<group>";
		};
		5F2E161B29C572130096DD85 /* APIs */ = {
			isa = PBXGroup;
			children = (
				5F2E162529C5765D0096DD85 /* ScenariosAPI.swift */,
				5F2E163329C59AAE0096DD85 /* CaseAPI.swift */,
			);
			path = APIs;
			sourceTree = "<group>";
		};
		5F2E161C29C5721A0096DD85 /* Endpoints */ = {
			isa = PBXGroup;
			children = (
				5F2E162129C573500096DD85 /* EndPoints.swift */,
			);
			path = Endpoints;
			sourceTree = "<group>";
		};
		5F2E162729C579E60096DD85 /* Scenarios */ = {
			isa = PBXGroup;
			children = (
				5F2E162A29C579F30096DD85 /* View */,
				5F2E162929C579EF0096DD85 /* ViewModel */,
				5F2E162829C579EB0096DD85 /* Model */,
			);
			path = Scenarios;
			sourceTree = "<group>";
		};
		5F2E162829C579EB0096DD85 /* Model */ = {
			isa = PBXGroup;
			children = (
				5F2E162B29C57A030096DD85 /* Scenario.swift */,
			);
			path = Model;
			sourceTree = "<group>";
		};
		5F2E162929C579EF0096DD85 /* ViewModel */ = {
			isa = PBXGroup;
			children = (
				5F2E163829C5AA730096DD85 /* ScenariosVM.swift */,
			);
			path = ViewModel;
			sourceTree = "<group>";
		};
		5F2E162A29C579F30096DD85 /* View */ = {
			isa = PBXGroup;
			children = (
				5F2E163629C5A3990096DD85 /* ScenariosVC.swift */,
				5F2E163A29C5AB110096DD85 /* ScenarioTVCell.swift */,
			);
			path = View;
			sourceTree = "<group>";
		};
		5F2E162D29C596E60096DD85 /* Case */ = {
			isa = PBXGroup;
			children = (
				5F2E163029C596F40096DD85 /* View */,
				5F2E162F29C596EF0096DD85 /* ViewModel */,
				5F2E162E29C596EC0096DD85 /* Model */,
			);
			path = Case;
			sourceTree = "<group>";
		};
		5F2E162E29C596EC0096DD85 /* Model */ = {
			isa = PBXGroup;
			children = (
				5F2E163129C598370096DD85 /* CaseRequest.swift */,
			);
			path = Model;
			sourceTree = "<group>";
		};
		5F2E162F29C596EF0096DD85 /* ViewModel */ = {
			isa = PBXGroup;
			children = (
				5F2E163E29C5B0460096DD85 /* CaseVM.swift */,
			);
			path = ViewModel;
			sourceTree = "<group>";
		};
		5F2E163029C596F40096DD85 /* View */ = {
			isa = PBXGroup;
			children = (
				5F2E163C29C5B0280096DD85 /* CaseVC.swift */,
				5F2E164029C5B17E0096DD85 /* AnswerTVCell.swift */,
			);
			path = View;
			sourceTree = "<group>";
		};
		5F2E164429C5B85C0096DD85 /* Helper */ = {
			isa = PBXGroup;
			children = (
				5F2E164529C5B8660096DD85 /* Localizer.swift */,
			);
			path = Helper;
			sourceTree = "<group>";
		};
		5F443DB529C56FD9003FAD9C = {
			isa = PBXGroup;
			children = (
				5F443DC029C56FD9003FAD9C /* ExpertSystem */,
				5F443DD729C56FDE003FAD9C /* ExpertSystemTests */,
				5F443DE129C56FDE003FAD9C /* ExpertSystemUITests */,
				5F443DBF29C56FD9003FAD9C /* Products */,
			);
			sourceTree = "<group>";
		};
		5F443DBF29C56FD9003FAD9C /* Products */ = {
			isa = PBXGroup;
			children = (
				5F443DBE29C56FD9003FAD9C /* ExpertSystem.app */,
				5F443DD429C56FDE003FAD9C /* ExpertSystemTests.xctest */,
				5F443DDE29C56FDE003FAD9C /* ExpertSystemUITests.xctest */,
			);
			name = Products;
			sourceTree = "<group>";
		};
		5F443DC029C56FD9003FAD9C /* ExpertSystem */ = {
			isa = PBXGroup;
			children = (
				5F443DF129C57044003FAD9C /* Application */,
				5F443DF329C5706E003FAD9C /* Network */,
				5F443DF229C5705E003FAD9C /* Modules */,
				5F443DF429C5707E003FAD9C /* Utilities */,
				5F2E164429C5B85C0096DD85 /* Helper */,
				5F443DF529C5708F003FAD9C /* Extensions */,
				5F443DF629C57097003FAD9C /* Assets */,
				5F443DCC29C56FDE003FAD9C /* LaunchScreen.storyboard */,
				5F443DCF29C56FDE003FAD9C /* Info.plist */,
			);
			path = ExpertSystem;
			sourceTree = "<group>";
		};
		5F443DD729C56FDE003FAD9C /* ExpertSystemTests */ = {
			isa = PBXGroup;
			children = (
				5F2E163529C5A3130096DD85 /* Info.plist */,
				5F443DD829C56FDE003FAD9C /* ExpertSystemTests.swift */,
			);
			path = ExpertSystemTests;
			sourceTree = "<group>";
		};
		5F443DE129C56FDE003FAD9C /* ExpertSystemUITests */ = {
			isa = PBXGroup;
			children = (
				5F443DE229C56FDE003FAD9C /* ExpertSystemUITests.swift */,
				5F443DE429C56FDE003FAD9C /* ExpertSystemUITestsLaunchTests.swift */,
			);
			path = ExpertSystemUITests;
			sourceTree = "<group>";
		};
		5F443DF129C57044003FAD9C /* Application */ = {
			isa = PBXGroup;
			children = (
				5F443DC129C56FD9003FAD9C /* AppDelegate.swift */,
				5F443DC329C56FD9003FAD9C /* SceneDelegate.swift */,
			);
			path = Application;
			sourceTree = "<group>";
		};
		5F443DF229C5705E003FAD9C /* Modules */ = {
			isa = PBXGroup;
			children = (
				5F2E162729C579E60096DD85 /* Scenarios */,
				5F2E162D29C596E60096DD85 /* Case */,
				5F443DC729C56FD9003FAD9C /* Main.storyboard */,
			);
			path = Modules;
			sourceTree = "<group>";
		};
		5F443DF329C5706E003FAD9C /* Network */ = {
			isa = PBXGroup;
			children = (
				5F2E161B29C572130096DD85 /* APIs */,
				5F2E161C29C5721A0096DD85 /* Endpoints */,
				5F2E161A29C5720D0096DD85 /* Helpers */,
			);
			path = Network;
			sourceTree = "<group>";
		};
		5F443DF429C5707E003FAD9C /* Utilities */ = {
			isa = PBXGroup;
			children = (
				5F2E162329C5749D0096DD85 /* APIEnvironment.swift */,
				5F2E164229C5B7FA0096DD85 /* AlertProvider.swift */,
			);
			path = Utilities;
			sourceTree = "<group>";
		};
		5F443DF529C5708F003FAD9C /* Extensions */ = {
			isa = PBXGroup;
			children = (
			);
			path = Extensions;
			sourceTree = "<group>";
		};
		5F443DF629C57097003FAD9C /* Assets */ = {
			isa = PBXGroup;
			children = (
				5F443DCA29C56FDE003FAD9C /* Assets.xcassets */,
			);
			path = Assets;
			sourceTree = "<group>";
		};
/* End PBXGroup section */

/* Begin PBXNativeTarget section */
		5F443DBD29C56FD9003FAD9C /* ExpertSystem */ = {
			isa = PBXNativeTarget;
			buildConfigurationList = 5F443DE829C56FDE003FAD9C /* Build configuration list for PBXNativeTarget "ExpertSystem" */;
			buildPhases = (
				5F443DBA29C56FD9003FAD9C /* Sources */,
				5F443DBB29C56FD9003FAD9C /* Frameworks */,
				5F443DBC29C56FD9003FAD9C /* Resources */,
			);
			buildRules = (
			);
			dependencies = (
			);
			name = ExpertSystem;
			packageProductDependencies = (
				5F2E164829C5C6270096DD85 /* AlamofireImage */,
			);
			productName = ExpertSystem;
			productReference = 5F443DBE29C56FD9003FAD9C /* ExpertSystem.app */;
			productType = "com.apple.product-type.application";
		};
		5F443DD329C56FDE003FAD9C /* ExpertSystemTests */ = {
			isa = PBXNativeTarget;
			buildConfigurationList = 5F443DEB29C56FDE003FAD9C /* Build configuration list for PBXNativeTarget "ExpertSystemTests" */;
			buildPhases = (
				5F443DD029C56FDE003FAD9C /* Sources */,
				5F443DD129C56FDE003FAD9C /* Frameworks */,
				5F443DD229C56FDE003FAD9C /* Resources */,
			);
			buildRules = (
			);
			dependencies = (
				5F443DD629C56FDE003FAD9C /* PBXTargetDependency */,
			);
			name = ExpertSystemTests;
			productName = ExpertSystemTests;
			productReference = 5F443DD429C56FDE003FAD9C /* ExpertSystemTests.xctest */;
			productType = "com.apple.product-type.bundle.unit-test";
		};
		5F443DDD29C56FDE003FAD9C /* ExpertSystemUITests */ = {
			isa = PBXNativeTarget;
			buildConfigurationList = 5F443DEE29C56FDE003FAD9C /* Build configuration list for PBXNativeTarget "ExpertSystemUITests" */;
			buildPhases = (
				5F443DDA29C56FDE003FAD9C /* Sources */,
				5F443DDB29C56FDE003FAD9C /* Frameworks */,
				5F443DDC29C56FDE003FAD9C /* Resources */,
			);
			buildRules = (
			);
			dependencies = (
				5F443DE029C56FDE003FAD9C /* PBXTargetDependency */,
			);
			name = ExpertSystemUITests;
			productName = ExpertSystemUITests;
			productReference = 5F443DDE29C56FDE003FAD9C /* ExpertSystemUITests.xctest */;
			productType = "com.apple.product-type.bundle.ui-testing";
		};
/* End PBXNativeTarget section */

/* Begin PBXProject section */
		5F443DB629C56FD9003FAD9C /* Project object */ = {
			isa = PBXProject;
			attributes = {
				BuildIndependentTargetsInParallel = 1;
				LastSwiftUpdateCheck = 1410;
				LastUpgradeCheck = 1410;
				TargetAttributes = {
					5F443DBD29C56FD9003FAD9C = {
						CreatedOnToolsVersion = 14.1;
					};
					5F443DD329C56FDE003FAD9C = {
						CreatedOnToolsVersion = 14.1;
						TestTargetID = 5F443DBD29C56FD9003FAD9C;
					};
					5F443DDD29C56FDE003FAD9C = {
						CreatedOnToolsVersion = 14.1;
						TestTargetID = 5F443DBD29C56FD9003FAD9C;
					};
				};
			};
			buildConfigurationList = 5F443DB929C56FD9003FAD9C /* Build configuration list for PBXProject "ExpertSystem" */;
			compatibilityVersion = "Xcode 14.0";
			developmentRegion = en;
			hasScannedForEncodings = 0;
			knownRegions = (
				en,
				Base,
			);
			mainGroup = 5F443DB529C56FD9003FAD9C;
			packageReferences = (
				5F2E164729C5C6270096DD85 /* XCRemoteSwiftPackageReference "AlamofireImage" */,
			);
			productRefGroup = 5F443DBF29C56FD9003FAD9C /* Products */;
			projectDirPath = "";
			projectRoot = "";
			targets = (
				5F443DBD29C56FD9003FAD9C /* ExpertSystem */,
				5F443DD329C56FDE003FAD9C /* ExpertSystemTests */,
				5F443DDD29C56FDE003FAD9C /* ExpertSystemUITests */,
			);
		};
/* End PBXProject section */

/* Begin PBXResourcesBuildPhase section */
		5F443DBC29C56FD9003FAD9C /* Resources */ = {
			isa = PBXResourcesBuildPhase;
			buildActionMask = 2147483647;
			files = (
				5F443DCE29C56FDE003FAD9C /* LaunchScreen.storyboard in Resources */,
				5F443DCB29C56FDE003FAD9C /* Assets.xcassets in Resources */,
				5F443DC929C56FD9003FAD9C /* Main.storyboard in Resources */,
			);
			runOnlyForDeploymentPostprocessing = 0;
		};
		5F443DD229C56FDE003FAD9C /* Resources */ = {
			isa = PBXResourcesBuildPhase;
			buildActionMask = 2147483647;
			files = (
			);
			runOnlyForDeploymentPostprocessing = 0;
		};
		5F443DDC29C56FDE003FAD9C /* Resources */ = {
			isa = PBXResourcesBuildPhase;
			buildActionMask = 2147483647;
			files = (
			);
			runOnlyForDeploymentPostprocessing = 0;
		};
/* End PBXResourcesBuildPhase section */

/* Begin PBXSourcesBuildPhase section */
		5F443DBA29C56FD9003FAD9C /* Sources */ = {
			isa = PBXSourcesBuildPhase;
			buildActionMask = 2147483647;
			files = (
				5F2E163F29C5B0460096DD85 /* CaseVM.swift in Sources */,
				5F2E164329C5B7FA0096DD85 /* AlertProvider.swift in Sources */,
				5F2E162629C5765D0096DD85 /* ScenariosAPI.swift in Sources */,
				5F2E163D29C5B0280096DD85 /* CaseVC.swift in Sources */,
				5F2E163929C5AA730096DD85 /* ScenariosVM.swift in Sources */,
				5F2E163229C598370096DD85 /* CaseRequest.swift in Sources */,
				5F2E163729C5A3990096DD85 /* ScenariosVC.swift in Sources */,
				5F2E164129C5B17E0096DD85 /* AnswerTVCell.swift in Sources */,
				5F443DC229C56FD9003FAD9C /* AppDelegate.swift in Sources */,
				5F443DC429C56FD9003FAD9C /* SceneDelegate.swift in Sources */,
				5F2E163429C59AAE0096DD85 /* CaseAPI.swift in Sources */,
				5F2E162C29C57A030096DD85 /* Scenario.swift in Sources */,
				5F2E162229C573500096DD85 /* EndPoints.swift in Sources */,
				5F2E163B29C5AB110096DD85 /* ScenarioTVCell.swift in Sources */,
				5F2E162429C5749D0096DD85 /* APIEnvironment.swift in Sources */,
				5F2E164629C5B8660096DD85 /* Localizer.swift in Sources */,
				5F2E161E29C5725B0096DD85 /* ServiceHelper.swift in Sources */,
			);
			runOnlyForDeploymentPostprocessing = 0;
		};
		5F443DD029C56FDE003FAD9C /* Sources */ = {
			isa = PBXSourcesBuildPhase;
			buildActionMask = 2147483647;
			files = (
				5F443DD929C56FDE003FAD9C /* ExpertSystemTests.swift in Sources */,
			);
			runOnlyForDeploymentPostprocessing = 0;
		};
		5F443DDA29C56FDE003FAD9C /* Sources */ = {
			isa = PBXSourcesBuildPhase;
			buildActionMask = 2147483647;
			files = (
				5F443DE329C56FDE003FAD9C /* ExpertSystemUITests.swift in Sources */,
				5F443DE529C56FDE003FAD9C /* ExpertSystemUITestsLaunchTests.swift in Sources */,
			);
			runOnlyForDeploymentPostprocessing = 0;
		};
/* End PBXSourcesBuildPhase section */

/* Begin PBXTargetDependency section */
		5F443DD629C56FDE003FAD9C /* PBXTargetDependency */ = {
			isa = PBXTargetDependency;
			target = 5F443DBD29C56FD9003FAD9C /* ExpertSystem */;
			targetProxy = 5F443DD529C56FDE003FAD9C /* PBXContainerItemProxy */;
		};
		5F443DE029C56FDE003FAD9C /* PBXTargetDependency */ = {
			isa = PBXTargetDependency;
			target = 5F443DBD29C56FD9003FAD9C /* ExpertSystem */;
			targetProxy = 5F443DDF29C56FDE003FAD9C /* PBXContainerItemProxy */;
		};
/* End PBXTargetDependency section */

/* Begin PBXVariantGroup section */
		5F443DC729C56FD9003FAD9C /* Main.storyboard */ = {
			isa = PBXVariantGroup;
			children = (
				5F443DC829C56FD9003FAD9C /* Base */,
			);
			name = Main.storyboard;
			sourceTree = "<group>";
		};
		5F443DCC29C56FDE003FAD9C /* LaunchScreen.storyboard */ = {
			isa = PBXVariantGroup;
			children = (
				5F443DCD29C56FDE003FAD9C /* Base */,
			);
			name = LaunchScreen.storyboard;
			sourceTree = "<group>";
		};
/* End PBXVariantGroup section */

/* Begin XCBuildConfiguration section */
		5F443DE629C56FDE003FAD9C /* Debug */ = {
			isa = XCBuildConfiguration;
			buildSettings = {
				ALWAYS_SEARCH_USER_PATHS = NO;
				CLANG_ANALYZER_NONNULL = YES;
				CLANG_ANALYZER_NUMBER_OBJECT_CONVERSION = YES_AGGRESSIVE;
				CLANG_CXX_LANGUAGE_STANDARD = "gnu++20";
				CLANG_ENABLE_MODULES = YES;
				CLANG_ENABLE_OBJC_ARC = YES;
				CLANG_ENABLE_OBJC_WEAK = YES;
				CLANG_WARN_BLOCK_CAPTURE_AUTORELEASING = YES;
				CLANG_WARN_BOOL_CONVERSION = YES;
				CLANG_WARN_COMMA = YES;
				CLANG_WARN_CONSTANT_CONVERSION = YES;
				CLANG_WARN_DEPRECATED_OBJC_IMPLEMENTATIONS = YES;
				CLANG_WARN_DIRECT_OBJC_ISA_USAGE = YES_ERROR;
				CLANG_WARN_DOCUMENTATION_COMMENTS = YES;
				CLANG_WARN_EMPTY_BODY = YES;
				CLANG_WARN_ENUM_CONVERSION = YES;
				CLANG_WARN_INFINITE_RECURSION = YES;
				CLANG_WARN_INT_CONVERSION = YES;
				CLANG_WARN_NON_LITERAL_NULL_CONVERSION = YES;
				CLANG_WARN_OBJC_IMPLICIT_RETAIN_SELF = YES;
				CLANG_WARN_OBJC_LITERAL_CONVERSION = YES;
				CLANG_WARN_OBJC_ROOT_CLASS = YES_ERROR;
				CLANG_WARN_QUOTED_INCLUDE_IN_FRAMEWORK_HEADER = YES;
				CLANG_WARN_RANGE_LOOP_ANALYSIS = YES;
				CLANG_WARN_STRICT_PROTOTYPES = YES;
				CLANG_WARN_SUSPICIOUS_MOVE = YES;
				CLANG_WARN_UNGUARDED_AVAILABILITY = YES_AGGRESSIVE;
				CLANG_WARN_UNREACHABLE_CODE = YES;
				CLANG_WARN__DUPLICATE_METHOD_MATCH = YES;
				COPY_PHASE_STRIP = NO;
				DEBUG_INFORMATION_FORMAT = dwarf;
				ENABLE_STRICT_OBJC_MSGSEND = YES;
				ENABLE_TESTABILITY = YES;
				GCC_C_LANGUAGE_STANDARD = gnu11;
				GCC_DYNAMIC_NO_PIC = NO;
				GCC_NO_COMMON_BLOCKS = YES;
				GCC_OPTIMIZATION_LEVEL = 0;
				GCC_PREPROCESSOR_DEFINITIONS = (
					"DEBUG=1",
					"$(inherited)",
				);
				GCC_WARN_64_TO_32_BIT_CONVERSION = YES;
				GCC_WARN_ABOUT_RETURN_TYPE = YES_ERROR;
				GCC_WARN_UNDECLARED_SELECTOR = YES;
				GCC_WARN_UNINITIALIZED_AUTOS = YES_AGGRESSIVE;
				GCC_WARN_UNUSED_FUNCTION = YES;
				GCC_WARN_UNUSED_VARIABLE = YES;
				IPHONEOS_DEPLOYMENT_TARGET = 16.1;
				MTL_ENABLE_DEBUG_INFO = INCLUDE_SOURCE;
				MTL_FAST_MATH = YES;
				ONLY_ACTIVE_ARCH = YES;
				SDKROOT = iphoneos;
				SWIFT_ACTIVE_COMPILATION_CONDITIONS = DEBUG;
				SWIFT_OPTIMIZATION_LEVEL = "-Onone";
			};
			name = Debug;
		};
		5F443DE729C56FDE003FAD9C /* Release */ = {
			isa = XCBuildConfiguration;
			buildSettings = {
				ALWAYS_SEARCH_USER_PATHS = NO;
				CLANG_ANALYZER_NONNULL = YES;
				CLANG_ANALYZER_NUMBER_OBJECT_CONVERSION = YES_AGGRESSIVE;
				CLANG_CXX_LANGUAGE_STANDARD = "gnu++20";
				CLANG_ENABLE_MODULES = YES;
				CLANG_ENABLE_OBJC_ARC = YES;
				CLANG_ENABLE_OBJC_WEAK = YES;
				CLANG_WARN_BLOCK_CAPTURE_AUTORELEASING = YES;
				CLANG_WARN_BOOL_CONVERSION = YES;
				CLANG_WARN_COMMA = YES;
				CLANG_WARN_CONSTANT_CONVERSION = YES;
				CLANG_WARN_DEPRECATED_OBJC_IMPLEMENTATIONS = YES;
				CLANG_WARN_DIRECT_OBJC_ISA_USAGE = YES_ERROR;
				CLANG_WARN_DOCUMENTATION_COMMENTS = YES;
				CLANG_WARN_EMPTY_BODY = YES;
				CLANG_WARN_ENUM_CONVERSION = YES;
				CLANG_WARN_INFINITE_RECURSION = YES;
				CLANG_WARN_INT_CONVERSION = YES;
				CLANG_WARN_NON_LITERAL_NULL_CONVERSION = YES;
				CLANG_WARN_OBJC_IMPLICIT_RETAIN_SELF = YES;
				CLANG_WARN_OBJC_LITERAL_CONVERSION = YES;
				CLANG_WARN_OBJC_ROOT_CLASS = YES_ERROR;
				CLANG_WARN_QUOTED_INCLUDE_IN_FRAMEWORK_HEADER = YES;
				CLANG_WARN_RANGE_LOOP_ANALYSIS = YES;
				CLANG_WARN_STRICT_PROTOTYPES = YES;
				CLANG_WARN_SUSPICIOUS_MOVE = YES;
				CLANG_WARN_UNGUARDED_AVAILABILITY = YES_AGGRESSIVE;
				CLANG_WARN_UNREACHABLE_CODE = YES;
				CLANG_WARN__DUPLICATE_METHOD_MATCH = YES;
				COPY_PHASE_STRIP = NO;
				DEBUG_INFORMATION_FORMAT = "dwarf-with-dsym";
				ENABLE_NS_ASSERTIONS = NO;
				ENABLE_STRICT_OBJC_MSGSEND = YES;
				GCC_C_LANGUAGE_STANDARD = gnu11;
				GCC_NO_COMMON_BLOCKS = YES;
				GCC_WARN_64_TO_32_BIT_CONVERSION = YES;
				GCC_WARN_ABOUT_RETURN_TYPE = YES_ERROR;
				GCC_WARN_UNDECLARED_SELECTOR = YES;
				GCC_WARN_UNINITIALIZED_AUTOS = YES_AGGRESSIVE;
				GCC_WARN_UNUSED_FUNCTION = YES;
				GCC_WARN_UNUSED_VARIABLE = YES;
				IPHONEOS_DEPLOYMENT_TARGET = 16.1;
				MTL_ENABLE_DEBUG_INFO = NO;
				MTL_FAST_MATH = YES;
				SDKROOT = iphoneos;
				SWIFT_COMPILATION_MODE = wholemodule;
				SWIFT_OPTIMIZATION_LEVEL = "-O";
				VALIDATE_PRODUCT = YES;
			};
			name = Release;
		};
		5F443DE929C56FDE003FAD9C /* Debug */ = {
			isa = XCBuildConfiguration;
			buildSettings = {
				ASSETCATALOG_COMPILER_APPICON_NAME = AppIcon;
				ASSETCATALOG_COMPILER_GLOBAL_ACCENT_COLOR_NAME = AccentColor;
				CODE_SIGN_STYLE = Automatic;
				CURRENT_PROJECT_VERSION = 1;
				DEVELOPMENT_TEAM = 7XSG63BDFK;
				GENERATE_INFOPLIST_FILE = YES;
				INFOPLIST_FILE = ExpertSystem/Info.plist;
				INFOPLIST_KEY_UIApplicationSupportsIndirectInputEvents = YES;
				INFOPLIST_KEY_UILaunchStoryboardName = LaunchScreen;
				INFOPLIST_KEY_UIMainStoryboardFile = Main;
				INFOPLIST_KEY_UISupportedInterfaceOrientations = UIInterfaceOrientationPortrait;
				INFOPLIST_KEY_UISupportedInterfaceOrientations_iPad = "UIInterfaceOrientationLandscapeLeft UIInterfaceOrientationLandscapeRight UIInterfaceOrientationPortrait UIInterfaceOrientationPortraitUpsideDown";
				IPHONEOS_DEPLOYMENT_TARGET = 14.0;
				LD_RUNPATH_SEARCH_PATHS = (
					"$(inherited)",
					"@executable_path/Frameworks",
				);
				MARKETING_VERSION = 1.0;
				PRODUCT_BUNDLE_IDENTIFIER = com.mathi.ExpertSystem;
				PRODUCT_NAME = "$(TARGET_NAME)";
				SUPPORTED_PLATFORMS = "iphoneos iphonesimulator";
				SUPPORTS_MACCATALYST = NO;
				SUPPORTS_MAC_DESIGNED_FOR_IPHONE_IPAD = NO;
				SWIFT_EMIT_LOC_STRINGS = YES;
				SWIFT_VERSION = 5.0;
				TARGETED_DEVICE_FAMILY = 1;
			};
			name = Debug;
		};
		5F443DEA29C56FDE003FAD9C /* Release */ = {
			isa = XCBuildConfiguration;
			buildSettings = {
				ASSETCATALOG_COMPILER_APPICON_NAME = AppIcon;
				ASSETCATALOG_COMPILER_GLOBAL_ACCENT_COLOR_NAME = AccentColor;
				CODE_SIGN_STYLE = Automatic;
				CURRENT_PROJECT_VERSION = 1;
				DEVELOPMENT_TEAM = 7XSG63BDFK;
				GENERATE_INFOPLIST_FILE = YES;
				INFOPLIST_FILE = ExpertSystem/Info.plist;
				INFOPLIST_KEY_UIApplicationSupportsIndirectInputEvents = YES;
				INFOPLIST_KEY_UILaunchStoryboardName = LaunchScreen;
				INFOPLIST_KEY_UIMainStoryboardFile = Main;
				INFOPLIST_KEY_UISupportedInterfaceOrientations = UIInterfaceOrientationPortrait;
				INFOPLIST_KEY_UISupportedInterfaceOrientations_iPad = "UIInterfaceOrientationLandscapeLeft UIInterfaceOrientationLandscapeRight UIInterfaceOrientationPortrait UIInterfaceOrientationPortraitUpsideDown";
				IPHONEOS_DEPLOYMENT_TARGET = 14.0;
				LD_RUNPATH_SEARCH_PATHS = (
					"$(inherited)",
					"@executable_path/Frameworks",
				);
				MARKETING_VERSION = 1.0;
				PRODUCT_BUNDLE_IDENTIFIER = com.mathi.ExpertSystem;
				PRODUCT_NAME = "$(TARGET_NAME)";
				SUPPORTED_PLATFORMS = "iphoneos iphonesimulator";
				SUPPORTS_MACCATALYST = NO;
				SUPPORTS_MAC_DESIGNED_FOR_IPHONE_IPAD = NO;
				SWIFT_EMIT_LOC_STRINGS = YES;
				SWIFT_VERSION = 5.0;
				TARGETED_DEVICE_FAMILY = 1;
			};
			name = Release;
		};
		5F443DEC29C56FDE003FAD9C /* Debug */ = {
			isa = XCBuildConfiguration;
			buildSettings = {
				ALWAYS_EMBED_SWIFT_STANDARD_LIBRARIES = YES;
				BUNDLE_LOADER = "$(TEST_HOST)";
				CODE_SIGN_STYLE = Automatic;
				CURRENT_PROJECT_VERSION = 1;
				DEVELOPMENT_TEAM = 7XSG63BDFK;
				GENERATE_INFOPLIST_FILE = YES;
				INFOPLIST_FILE = ExpertSystemTests/Info.plist;
				INFOPLIST_KEY_LSApplicationCategoryType = "";
				IPHONEOS_DEPLOYMENT_TARGET = 16.1;
				MARKETING_VERSION = 1.0;
				PRODUCT_BUNDLE_IDENTIFIER = com.mathi.ExpertSystemTests;
				PRODUCT_NAME = "$(TARGET_NAME)";
				SWIFT_EMIT_LOC_STRINGS = NO;
				SWIFT_VERSION = 5.0;
				TARGETED_DEVICE_FAMILY = "1,2";
				TEST_HOST = "$(BUILT_PRODUCTS_DIR)/ExpertSystem.app/$(BUNDLE_EXECUTABLE_FOLDER_PATH)/ExpertSystem";
			};
			name = Debug;
		};
		5F443DED29C56FDE003FAD9C /* Release */ = {
			isa = XCBuildConfiguration;
			buildSettings = {
				ALWAYS_EMBED_SWIFT_STANDARD_LIBRARIES = YES;
				BUNDLE_LOADER = "$(TEST_HOST)";
				CODE_SIGN_STYLE = Automatic;
				CURRENT_PROJECT_VERSION = 1;
				DEVELOPMENT_TEAM = 7XSG63BDFK;
				GENERATE_INFOPLIST_FILE = YES;
				INFOPLIST_FILE = ExpertSystemTests/Info.plist;
				INFOPLIST_KEY_LSApplicationCategoryType = "";
				IPHONEOS_DEPLOYMENT_TARGET = 16.1;
				MARKETING_VERSION = 1.0;
				PRODUCT_BUNDLE_IDENTIFIER = com.mathi.ExpertSystemTests;
				PRODUCT_NAME = "$(TARGET_NAME)";
				SWIFT_EMIT_LOC_STRINGS = NO;
				SWIFT_VERSION = 5.0;
				TARGETED_DEVICE_FAMILY = "1,2";
				TEST_HOST = "$(BUILT_PRODUCTS_DIR)/ExpertSystem.app/$(BUNDLE_EXECUTABLE_FOLDER_PATH)/ExpertSystem";
			};
			name = Release;
		};
		5F443DEF29C56FDE003FAD9C /* Debug */ = {
			isa = XCBuildConfiguration;
			buildSettings = {
				ALWAYS_EMBED_SWIFT_STANDARD_LIBRARIES = YES;
				CODE_SIGN_STYLE = Automatic;
				CURRENT_PROJECT_VERSION = 1;
				DEVELOPMENT_TEAM = 7XSG63BDFK;
				GENERATE_INFOPLIST_FILE = YES;
				MARKETING_VERSION = 1.0;
				PRODUCT_BUNDLE_IDENTIFIER = com.mathi.ExpertSystemUITests;
				PRODUCT_NAME = "$(TARGET_NAME)";
				SWIFT_EMIT_LOC_STRINGS = NO;
				SWIFT_VERSION = 5.0;
				TARGETED_DEVICE_FAMILY = "1,2";
				TEST_TARGET_NAME = ExpertSystem;
			};
			name = Debug;
		};
		5F443DF029C56FDE003FAD9C /* Release */ = {
			isa = XCBuildConfiguration;
			buildSettings = {
				ALWAYS_EMBED_SWIFT_STANDARD_LIBRARIES = YES;
				CODE_SIGN_STYLE = Automatic;
				CURRENT_PROJECT_VERSION = 1;
				DEVELOPMENT_TEAM = 7XSG63BDFK;
				GENERATE_INFOPLIST_FILE = YES;
				MARKETING_VERSION = 1.0;
				PRODUCT_BUNDLE_IDENTIFIER = com.mathi.ExpertSystemUITests;
				PRODUCT_NAME = "$(TARGET_NAME)";
				SWIFT_EMIT_LOC_STRINGS = NO;
				SWIFT_VERSION = 5.0;
				TARGETED_DEVICE_FAMILY = "1,2";
				TEST_TARGET_NAME = ExpertSystem;
			};
			name = Release;
		};
/* End XCBuildConfiguration section */

/* Begin XCConfigurationList section */
		5F443DB929C56FD9003FAD9C /* Build configuration list for PBXProject "ExpertSystem" */ = {
			isa = XCConfigurationList;
			buildConfigurations = (
				5F443DE629C56FDE003FAD9C /* Debug */,
				5F443DE729C56FDE003FAD9C /* Release */,
			);
			defaultConfigurationIsVisible = 0;
			defaultConfigurationName = Release;
		};
		5F443DE829C56FDE003FAD9C /* Build configuration list for PBXNativeTarget "ExpertSystem" */ = {
			isa = XCConfigurationList;
			buildConfigurations = (
				5F443DE929C56FDE003FAD9C /* Debug */,
				5F443DEA29C56FDE003FAD9C /* Release */,
			);
			defaultConfigurationIsVisible = 0;
			defaultConfigurationName = Release;
		};
		5F443DEB29C56FDE003FAD9C /* Build configuration list for PBXNativeTarget "ExpertSystemTests" */ = {
			isa = XCConfigurationList;
			buildConfigurations = (
				5F443DEC29C56FDE003FAD9C /* Debug */,
				5F443DED29C56FDE003FAD9C /* Release */,
			);
			defaultConfigurationIsVisible = 0;
			defaultConfigurationName = Release;
		};
		5F443DEE29C56FDE003FAD9C /* Build configuration list for PBXNativeTarget "ExpertSystemUITests" */ = {
			isa = XCConfigurationList;
			buildConfigurations = (
				5F443DEF29C56FDE003FAD9C /* Debug */,
				5F443DF029C56FDE003FAD9C /* Release */,
			);
			defaultConfigurationIsVisible = 0;
			defaultConfigurationName = Release;
		};
/* End XCConfigurationList section */

/* Begin XCRemoteSwiftPackageReference section */
		5F2E164729C5C6270096DD85 /* XCRemoteSwiftPackageReference "AlamofireImage" */ = {
			isa = XCRemoteSwiftPackageReference;
			repositoryURL = "https://github.com/Alamofire/AlamofireImage";
			requirement = {
				kind = upToNextMajorVersion;
				minimumVersion = 4.0.0;
			};
		};
/* End XCRemoteSwiftPackageReference section */

/* Begin XCSwiftPackageProductDependency section */
		5F2E164829C5C6270096DD85 /* AlamofireImage */ = {
			isa = XCSwiftPackageProductDependency;
			package = 5F2E164729C5C6270096DD85 /* XCRemoteSwiftPackageReference "AlamofireImage" */;
			productName = AlamofireImage;
		};
/* End XCSwiftPackageProductDependency section */
	};
	rootObject = 5F443DB629C56FD9003FAD9C /* Project object */;
}
